
Microsoft Visual Studio Solution File, Format Version 12.00
# Visual Studio Version 17
VisualStudioVersion = 17.0.32112.339
MinimumVisualStudioVersion = 10.0.40219.1
Project("{FAE04EC0-301F-11D3-BF4B-00C04F79EFBC}") = "Lab06", "Lab06\Lab06.csproj", "{93712883-ECA3-4EFF-A050-E467626756DD}"
EndProject
Global
	GlobalSection(SolutionConfigurationPlatforms) = preSolution
		Debug|Any CPU = Debug|Any CPU
		Release|Any CPU = Release|Any CPU
	EndGlobalSection
	GlobalSection(ProjectConfigurationPlatforms) = postSolution
		{93712883-ECA3-4EFF-A050-E467626756DD}.Debug|Any CPU.ActiveCfg = Debug|Any CPU
		{93712883-ECA3-4EFF-A050-E467626756DD}.Debug|Any CPU.Build.0 = Debug|Any CPU
		{93712883-ECA3-4EFF-A050-E467626756DD}.Release|Any CPU.ActiveCfg = Release|Any CPU
		{93712883-ECA3-4EFF-A050-E467626756DD}.Release|Any CPU.Build.0 = Release|Any CPU
	EndGlobalSection
	GlobalSection(SolutionProperties) = preSolution
		HideSolutionNode = FALSE
	EndGlobalSection
	GlobalSection(ExtensibilityGlobals) = postSolution
		SolutionGuid = {6FB8DD50-0F26-4C6F-9C3C-AFE2B86E6A40}
	EndGlobalSection
EndGlobal
